
Microsoft Visual Studio Solution File, Format Version 12.00
# Visual Studio Version 17
VisualStudioVersion = 17.14.36221.1 d17.14
MinimumVisualStudioVersion = 10.0.40219.1
Project("{FAE04EC0-301F-11D3-BF4B-00C04F79EFBC}") = "FlightBoardAPI", "FlightBoardAPI\FlightBoardAPI.csproj", "{F3042ED0-042F-4929-B33D-1F6687328CCD}"
EndProject
Project("{FAE04EC0-301F-11D3-BF4B-00C04F79EFBC}") = "FlightBoard.Tests", "FlightBoard.Tests\FlightBoard.Tests.csproj", "{292B463C-B759-45A9-9705-5E9E6266BDBC}"
EndProject
Global
	GlobalSection(SolutionConfigurationPlatforms) = preSolution
		Debug|Any CPU = Debug|Any CPU
		Release|Any CPU = Release|Any CPU
	EndGlobalSection
	GlobalSection(ProjectConfigurationPlatforms) = postSolution
		{F3042ED0-042F-4929-B33D-1F6687328CCD}.Debug|Any CPU.ActiveCfg = Debug|Any CPU
		{F3042ED0-042F-4929-B33D-1F6687328CCD}.Debug|Any CPU.Build.0 = Debug|Any CPU
		{F3042ED0-042F-4929-B33D-1F6687328CCD}.Release|Any CPU.ActiveCfg = Release|Any CPU
		{F3042ED0-042F-4929-B33D-1F6687328CCD}.Release|Any CPU.Build.0 = Release|Any CPU
		{292B463C-B759-45A9-9705-5E9E6266BDBC}.Debug|Any CPU.ActiveCfg = Debug|Any CPU
		{292B463C-B759-45A9-9705-5E9E6266BDBC}.Debug|Any CPU.Build.0 = Debug|Any CPU
		{292B463C-B759-45A9-9705-5E9E6266BDBC}.Release|Any CPU.ActiveCfg = Release|Any CPU
		{292B463C-B759-45A9-9705-5E9E6266BDBC}.Release|Any CPU.Build.0 = Release|Any CPU
	EndGlobalSection
	GlobalSection(SolutionProperties) = preSolution
		HideSolutionNode = FALSE
	EndGlobalSection
	GlobalSection(ExtensibilityGlobals) = postSolution
		SolutionGuid = {F0963888-FDBB-4883-8A24-56340EBFE306}
	EndGlobalSection
EndGlobal
